
Microsoft Visual Studio Solution File, Format Version 12.00
# Visual Studio 2013
VisualStudioVersion = 12.0.21005.1
MinimumVisualStudioVersion = 10.0.40219.1
Project("{FAE04EC0-301F-11D3-BF4B-00C04F79EFBC}") = "TiposDeDatos", "TiposDeDatos\TiposDeDatos.csproj", "{43C4B2EA-81CC-4C8F-B35D-B0CD1A72ADF7}"
EndProject
Global
	GlobalSection(SolutionConfigurationPlatforms) = preSolution
		Debug|Any CPU = Debug|Any CPU
		Release|Any CPU = Release|Any CPU
	EndGlobalSection
	GlobalSection(ProjectConfigurationPlatforms) = postSolution
		{43C4B2EA-81CC-4C8F-B35D-B0CD1A72ADF7}.Debug|Any CPU.ActiveCfg = Debug|Any CPU
		{43C4B2EA-81CC-4C8F-B35D-B0CD1A72ADF7}.Debug|Any CPU.Build.0 = Debug|Any CPU
		{43C4B2EA-81CC-4C8F-B35D-B0CD1A72ADF7}.Release|Any CPU.ActiveCfg = Release|Any CPU
		{43C4B2EA-81CC-4C8F-B35D-B0CD1A72ADF7}.Release|Any CPU.Build.0 = Release|Any CPU
	EndGlobalSection
	GlobalSection(SolutionProperties) = preSolution
		HideSolutionNode = FALSE
	EndGlobalSection
EndGlobal
